
Microsoft Visual Studio Solution File, Format Version 12.00
# Visual Studio Version 16
VisualStudioVersion = 16.0.28803.452
MinimumVisualStudioVersion = 10.0.40219.1
Project("{9A19103F-16F7-4668-BE54-9A1E7A4F7556}") = "SB.Core", "SB.Core\SB.Core.csproj", "{C416E40A-16DA-4FC8-9188-EA31C4CF1C52}"
EndProject
Project("{9A19103F-16F7-4668-BE54-9A1E7A4F7556}") = "SB.Model", "SB.Model\SB.Model.csproj", "{DFD5F43B-351F-480F-88CC-85F42E2206CA}"
EndProject
Project("{9A19103F-16F7-4668-BE54-9A1E7A4F7556}") = "SB.Enums", "SB.Enums\SB.Enums.csproj", "{B2B8A044-6F7E-4ADA-8C1B-D0A4A8A0B0D3}"
EndProject
Project("{9A19103F-16F7-4668-BE54-9A1E7A4F7556}") = "SB.Helper", "SB.Helper\SB.Helper.csproj", "{43B2A50F-3928-41BE-8AA6-CDE7ED988BC2}"
EndProject
Project("{9A19103F-16F7-4668-BE54-9A1E7A4F7556}") = "SB.AuthenticationDomain", "SB.AuthenticationDomain\SB.AuthenticationDomain.csproj", "{05DD5459-0CEC-44D1-B8E6-4160C804FBAD}"
EndProject
Project("{9A19103F-16F7-4668-BE54-9A1E7A4F7556}") = "SB.AuthenticationWebApi", "SB.AuthenticationWebApi\SB.AuthenticationWebApi.csproj", "{8DC423E5-B1B8-4AC1-8E97-CD135434AEFD}"
EndProject
Project("{2150E333-8FDC-42A3-9474-1A3956D46DE8}") = "SB.Web", "SB.Web", "{C4148ED6-2A70-44E6-9FF7-A3B4A8375D4B}"
EndProject
Global
	GlobalSection(SolutionConfigurationPlatforms) = preSolution
		Debug|Any CPU = Debug|Any CPU
		Release|Any CPU = Release|Any CPU
	EndGlobalSection
	GlobalSection(ProjectConfigurationPlatforms) = postSolution
		{C416E40A-16DA-4FC8-9188-EA31C4CF1C52}.Debug|Any CPU.ActiveCfg = Debug|Any CPU
		{C416E40A-16DA-4FC8-9188-EA31C4CF1C52}.Debug|Any CPU.Build.0 = Debug|Any CPU
		{C416E40A-16DA-4FC8-9188-EA31C4CF1C52}.Release|Any CPU.ActiveCfg = Release|Any CPU
		{C416E40A-16DA-4FC8-9188-EA31C4CF1C52}.Release|Any CPU.Build.0 = Release|Any CPU
		{DFD5F43B-351F-480F-88CC-85F42E2206CA}.Debug|Any CPU.ActiveCfg = Debug|Any CPU
		{DFD5F43B-351F-480F-88CC-85F42E2206CA}.Debug|Any CPU.Build.0 = Debug|Any CPU
		{DFD5F43B-351F-480F-88CC-85F42E2206CA}.Release|Any CPU.ActiveCfg = Release|Any CPU
		{DFD5F43B-351F-480F-88CC-85F42E2206CA}.Release|Any CPU.Build.0 = Release|Any CPU
		{B2B8A044-6F7E-4ADA-8C1B-D0A4A8A0B0D3}.Debug|Any CPU.ActiveCfg = Debug|Any CPU
		{B2B8A044-6F7E-4ADA-8C1B-D0A4A8A0B0D3}.Debug|Any CPU.Build.0 = Debug|Any CPU
		{B2B8A044-6F7E-4ADA-8C1B-D0A4A8A0B0D3}.Release|Any CPU.ActiveCfg = Release|Any CPU
		{B2B8A044-6F7E-4ADA-8C1B-D0A4A8A0B0D3}.Release|Any CPU.Build.0 = Release|Any CPU
		{43B2A50F-3928-41BE-8AA6-CDE7ED988BC2}.Debug|Any CPU.ActiveCfg = Debug|Any CPU
		{43B2A50F-3928-41BE-8AA6-CDE7ED988BC2}.Debug|Any CPU.Build.0 = Debug|Any CPU
		{43B2A50F-3928-41BE-8AA6-CDE7ED988BC2}.Release|Any CPU.ActiveCfg = Release|Any CPU
		{43B2A50F-3928-41BE-8AA6-CDE7ED988BC2}.Release|Any CPU.Build.0 = Release|Any CPU
		{05DD5459-0CEC-44D1-B8E6-4160C804FBAD}.Debug|Any CPU.ActiveCfg = Debug|Any CPU
		{05DD5459-0CEC-44D1-B8E6-4160C804FBAD}.Debug|Any CPU.Build.0 = Debug|Any CPU
		{05DD5459-0CEC-44D1-B8E6-4160C804FBAD}.Release|Any CPU.ActiveCfg = Release|Any CPU
		{05DD5459-0CEC-44D1-B8E6-4160C804FBAD}.Release|Any CPU.Build.0 = Release|Any CPU
		{8DC423E5-B1B8-4AC1-8E97-CD135434AEFD}.Debug|Any CPU.ActiveCfg = Debug|Any CPU
		{8DC423E5-B1B8-4AC1-8E97-CD135434AEFD}.Debug|Any CPU.Build.0 = Debug|Any CPU
		{8DC423E5-B1B8-4AC1-8E97-CD135434AEFD}.Release|Any CPU.ActiveCfg = Release|Any CPU
		{8DC423E5-B1B8-4AC1-8E97-CD135434AEFD}.Release|Any CPU.Build.0 = Release|Any CPU
	EndGlobalSection
	GlobalSection(SolutionProperties) = preSolution
		HideSolutionNode = FALSE
	EndGlobalSection
	GlobalSection(ExtensibilityGlobals) = postSolution
		SolutionGuid = {919E5923-0113-48EE-B138-98A773DFCFD3}
	EndGlobalSection
EndGlobal
